
Microsoft Visual Studio Solution File, Format Version 12.00
# Visual Studio Version 16
VisualStudioVersion = 16.0.32510.428
MinimumVisualStudioVersion = 10.0.40219.1
Project("{FAE04EC0-301F-11D3-BF4B-00C04F79EFBC}") = "BookStore_HHS", "BookStore_HHS.csproj", "{0A921B99-9ABA-43CD-8423-4AF045906F4C}"
EndProject
Global
	GlobalSection(SolutionConfigurationPlatforms) = preSolution
		Debug|Any CPU = Debug|Any CPU
		Release|Any CPU = Release|Any CPU
	EndGlobalSection
	GlobalSection(ProjectConfigurationPlatforms) = postSolution
		{0A921B99-9ABA-43CD-8423-4AF045906F4C}.Debug|Any CPU.ActiveCfg = Debug|Any CPU
		{0A921B99-9ABA-43CD-8423-4AF045906F4C}.Debug|Any CPU.Build.0 = Debug|Any CPU
		{0A921B99-9ABA-43CD-8423-4AF045906F4C}.Release|Any CPU.ActiveCfg = Release|Any CPU
		{0A921B99-9ABA-43CD-8423-4AF045906F4C}.Release|Any CPU.Build.0 = Release|Any CPU
	EndGlobalSection
	GlobalSection(SolutionProperties) = preSolution
		HideSolutionNode = FALSE
	EndGlobalSection
	GlobalSection(ExtensibilityGlobals) = postSolution
		SolutionGuid = {860D031D-9973-4EF2-97C0-62A4FDDC68E2}
	EndGlobalSection
EndGlobal
