
Microsoft Visual Studio Solution File, Format Version 12.00
# Visual Studio Version 16
VisualStudioVersion = 16.0.32510.428
MinimumVisualStudioVersion = 10.0.40219.1
Project("{FAE04EC0-301F-11D3-BF4B-00C04F79EFBC}") = "Paper_HHS", "Paper_HHS.csproj", "{D9171663-A610-409D-8578-BC7D6473C452}"
EndProject
Global
	GlobalSection(SolutionConfigurationPlatforms) = preSolution
		Debug|Any CPU = Debug|Any CPU
		Release|Any CPU = Release|Any CPU
	EndGlobalSection
	GlobalSection(ProjectConfigurationPlatforms) = postSolution
		{D9171663-A610-409D-8578-BC7D6473C452}.Debug|Any CPU.ActiveCfg = Debug|Any CPU
		{D9171663-A610-409D-8578-BC7D6473C452}.Debug|Any CPU.Build.0 = Debug|Any CPU
		{D9171663-A610-409D-8578-BC7D6473C452}.Release|Any CPU.ActiveCfg = Release|Any CPU
		{D9171663-A610-409D-8578-BC7D6473C452}.Release|Any CPU.Build.0 = Release|Any CPU
	EndGlobalSection
	GlobalSection(SolutionProperties) = preSolution
		HideSolutionNode = FALSE
	EndGlobalSection
	GlobalSection(ExtensibilityGlobals) = postSolution
		SolutionGuid = {A7288ADE-9A1F-41EF-A20A-7B2FBF3D2574}
	EndGlobalSection
EndGlobal
