
Microsoft Visual Studio Solution File, Format Version 12.00
# Visual Studio Version 16
VisualStudioVersion = 16.0.32510.428
MinimumVisualStudioVersion = 10.0.40219.1
Project("{FAE04EC0-301F-11D3-BF4B-00C04F79EFBC}") = "HelloWorld_HHS", "HelloWorld_HHS.csproj", "{A95B2B6F-FC6F-4CB6-AA7B-72A05C64DB31}"
EndProject
Global
	GlobalSection(SolutionConfigurationPlatforms) = preSolution
		Debug|Any CPU = Debug|Any CPU
		Release|Any CPU = Release|Any CPU
	EndGlobalSection
	GlobalSection(ProjectConfigurationPlatforms) = postSolution
		{A95B2B6F-FC6F-4CB6-AA7B-72A05C64DB31}.Debug|Any CPU.ActiveCfg = Debug|Any CPU
		{A95B2B6F-FC6F-4CB6-AA7B-72A05C64DB31}.Debug|Any CPU.Build.0 = Debug|Any CPU
		{A95B2B6F-FC6F-4CB6-AA7B-72A05C64DB31}.Release|Any CPU.ActiveCfg = Release|Any CPU
		{A95B2B6F-FC6F-4CB6-AA7B-72A05C64DB31}.Release|Any CPU.Build.0 = Release|Any CPU
	EndGlobalSection
	GlobalSection(SolutionProperties) = preSolution
		HideSolutionNode = FALSE
	EndGlobalSection
	GlobalSection(ExtensibilityGlobals) = postSolution
		SolutionGuid = {5B3A0EF5-3B49-40A7-9CF3-54C40D34FB25}
	EndGlobalSection
EndGlobal
