
Microsoft Visual Studio Solution File, Format Version 12.00
# Visual Studio Version 16
VisualStudioVersion = 16.0.32510.428
MinimumVisualStudioVersion = 10.0.40219.1
Project("{9A19103F-16F7-4668-BE54-9A1E7A4F7556}") = "BookStoreWPF_HHS", "BookStoreWPF_HHS.csproj", "{C602BC73-50E1-4CC8-B403-4A84D46A965B}"
EndProject
Project("{2150E333-8FDC-42A3-9474-1A3956D46DE8}") = "Solution Items", "Solution Items", "{321AC6C3-C5F8-4688-B7C7-6CDE2D6EB028}"
	ProjectSection(SolutionItems) = preProject
		.editorconfig = .editorconfig
	EndProjectSection
EndProject
Global
	GlobalSection(SolutionConfigurationPlatforms) = preSolution
		Debug|Any CPU = Debug|Any CPU
		Release|Any CPU = Release|Any CPU
	EndGlobalSection
	GlobalSection(ProjectConfigurationPlatforms) = postSolution
		{C602BC73-50E1-4CC8-B403-4A84D46A965B}.Debug|Any CPU.ActiveCfg = Debug|Any CPU
		{C602BC73-50E1-4CC8-B403-4A84D46A965B}.Debug|Any CPU.Build.0 = Debug|Any CPU
		{C602BC73-50E1-4CC8-B403-4A84D46A965B}.Release|Any CPU.ActiveCfg = Release|Any CPU
		{C602BC73-50E1-4CC8-B403-4A84D46A965B}.Release|Any CPU.Build.0 = Release|Any CPU
	EndGlobalSection
	GlobalSection(SolutionProperties) = preSolution
		HideSolutionNode = FALSE
	EndGlobalSection
	GlobalSection(ExtensibilityGlobals) = postSolution
		SolutionGuid = {AD2FBEFF-C67E-42C1-8A45-F9B29A9FEE73}
	EndGlobalSection
EndGlobal
